github.com/OneOfOne/xxhash v1.2.2/go.mod h1:HSdplMjZKSmBqAxg5vPj2TmRDmfkzw+cTzAElWljhcU=
github.com/cespare/xxhash v1.1.0 h1:a6HrQnmkObjyL+Gs60czilIUGqrzKutQD6XZog3p+ko=
github.com/cespare/xxhash v1.1.0/go.mod h1:XrSqR1VqqWfGrhpAt58auRo0WTKS1nRRg3ghfAqPWnc=
github.com/dgraph-io/ristretto v0.0.1 h1:cJwdnj42uV8Jg4+KLrYovLiCgIfz9wtWm6E6KA+1tLs=
github.com/dgraph-io/ristretto v0.0.1/go.mod h1:T40EBc7CJke8TkpiYfGGKAeFjSaxuFXhuXRyumBd6RE=
github.com/dgryski/go-farm v0.0.0-20190423205320-6a90982ecee2/go.mod h1:SqUrOPUnsFjfmXRMNPybcSiG0BgUW2AuFH8PAnS2iTw=
github.com/go-redis/redis v6.15.2+incompatible h1:9SpNVG76gr6InJGxoZ6IuuxaCOQwDAhzyXg+Bs+0Sb4=
github.com/go-redis/redis v6.15.2+incompatible/go.mod h1:NAIEuMOZ/fxfXJIrKDQDz8wamY7mA7PouImQ2Jvg6kA=
github.com/orcaman/concurrent-map v0.0.0-20190107190726-7ed82d9cb717 h1:2v7IYkog9ZFN04bv5hkwjpyHkc6wujPPOVYDPp2rfwA=
github.com/orcaman/concurrent-map v0.0.0-20190107190726-7ed82d9cb717/go.mod h1:Lu3tH6HLW3feq74c2GC+jIMS/K2CFcDWnWD9XkenwhI=
github.com/spaolacci/murmur3 v0.0.0-20180118202830-f09979ecbc72/go.mod h1:JwIasOWyU6f++ZhiEuf87xNszmSA2myDM2Kzu9HwQUA=
